// !$*UTF8*$!
{
	archiveVersion = 1;
	classes = {
	};
	objectVersion = 50;
	objects = {

/* Begin PBXBuildFile section */
		ED1DE2FD22A8F6B90079A464 /* AppDelegate.swift in Sources */ = {isa = PBXBuildFile; fileRef = ED1DE2FC22A8F6B90079A464 /* AppDelegate.swift */; };
		ED1DE2FF22A8F6B90079A464 /* RunVC.swift in Sources */ = {isa = PBXBuildFile; fileRef = ED1DE2FE22A8F6B90079A464 /* RunVC.swift */; };
		ED1DE30122A8F6B90079A464 /* MyLogVC.swift in Sources */ = {isa = PBXBuildFile; fileRef = ED1DE30022A8F6B90079A464 /* MyLogVC.swift */; };
		ED1DE30422A8F6B90079A464 /* Main.storyboard in Resources */ = {isa = PBXBuildFile; fileRef = ED1DE30222A8F6B90079A464 /* Main.storyboard */; };
		ED1DE30622A8F6BB0079A464 /* Assets.xcassets in Resources */ = {isa = PBXBuildFile; fileRef = ED1DE30522A8F6BB0079A464 /* Assets.xcassets */; };
		ED1DE30922A8F6BB0079A464 /* LaunchScreen.storyboard in Resources */ = {isa = PBXBuildFile; fileRef = ED1DE30722A8F6BB0079A464 /* LaunchScreen.storyboard */; };
		ED8DDE4422A92093000F4C0F /* LogTBC.swift in Sources */ = {isa = PBXBuildFile; fileRef = ED8DDE4222A92093000F4C0F /* LogTBC.swift */; };
		ED8DDE4522A92093000F4C0F /* LogTBC.xib in Resources */ = {isa = PBXBuildFile; fileRef = ED8DDE4322A92093000F4C0F /* LogTBC.xib */; };
/* End PBXBuildFile section */

/* Begin PBXFileReference section */
		ED1DE2F922A8F6B90079A464 /* Treads.app */ = {isa = PBXFileReference; explicitFileType = wrapper.application; includeInIndex = 0; path = Treads.app; sourceTree = BUILT_PRODUCTS_DIR; };
		ED1DE2FC22A8F6B90079A464 /* AppDelegate.swift */ = {isa = PBXFileReference; lastKnownFileType = sourcecode.swift; path = AppDelegate.swift; sourceTree = "<group>"; };
		ED1DE2FE22A8F6B90079A464 /* RunVC.swift */ = {isa = PBXFileReference; lastKnownFileType = sourcecode.swift; path = RunVC.swift; sourceTree = "<group>"; };
		ED1DE30022A8F6B90079A464 /* MyLogVC.swift */ = {isa = PBXFileReference; lastKnownFileType = sourcecode.swift; path = MyLogVC.swift; sourceTree = "<group>"; };
		ED1DE30322A8F6B90079A464 /* Base */ = {isa = PBXFileReference; lastKnownFileType = file.storyboard; name = Base; path = Base.lproj/Main.storyboard; sourceTree = "<group>"; };
		ED1DE30522A8F6BB0079A464 /* Assets.xcassets */ = {isa = PBXFileReference; lastKnownFileType = folder.assetcatalog; path = Assets.xcassets; sourceTree = "<group>"; };
		ED1DE30822A8F6BB0079A464 /* Base */ = {isa = PBXFileReference; lastKnownFileType = file.storyboard; name = Base; path = Base.lproj/LaunchScreen.storyboard; sourceTree = "<group>"; };
		ED1DE30A22A8F6BB0079A464 /* Info.plist */ = {isa = PBXFileReference; lastKnownFileType = text.plist.xml; path = Info.plist; sourceTree = "<group>"; };
		ED8DDE4222A92093000F4C0F /* LogTBC.swift */ = {isa = PBXFileReference; lastKnownFileType = sourcecode.swift; path = LogTBC.swift; sourceTree = "<group>"; };
		ED8DDE4322A92093000F4C0F /* LogTBC.xib */ = {isa = PBXFileReference; lastKnownFileType = file.xib; path = LogTBC.xib; sourceTree = "<group>"; };
/* End PBXFileReference section */

/* Begin PBXFrameworksBuildPhase section */
		ED1DE2F622A8F6B90079A464 /* Frameworks */ = {
			isa = PBXFrameworksBuildPhase;
			buildActionMask = 2147483647;
			files = (
			);
			runOnlyForDeploymentPostprocessing = 0;
		};
/* End PBXFrameworksBuildPhase section */

/* Begin PBXGroup section */
		ED1DE2F022A8F6B90079A464 = {
			isa = PBXGroup;
			children = (
				ED1DE2FB22A8F6B90079A464 /* Treads */,
				ED1DE2FA22A8F6B90079A464 /* Products */,
			);
			sourceTree = "<group>";
		};
		ED1DE2FA22A8F6B90079A464 /* Products */ = {
			isa = PBXGroup;
			children = (
				ED1DE2F922A8F6B90079A464 /* Treads.app */,
			);
			name = Products;
			sourceTree = "<group>";
		};
		ED1DE2FB22A8F6B90079A464 /* Treads */ = {
			isa = PBXGroup;
			children = (
				ED1DE31522A91BD60079A464 /* Controller */,
				ED1DE31422A91BD00079A464 /* View */,
				ED1DE31322A91BCA0079A464 /* Model */,
				ED1DE31222A91BC20079A464 /* Utilities */,
				ED1DE31122A91BBA0079A464 /* Extensions */,
				ED1DE31022A91BAE0079A464 /* Resources */,
				ED1DE2FC22A8F6B90079A464 /* AppDelegate.swift */,
				ED1DE30222A8F6B90079A464 /* Main.storyboard */,
				ED1DE30722A8F6BB0079A464 /* LaunchScreen.storyboard */,
				ED1DE30A22A8F6BB0079A464 /* Info.plist */,
			);
			path = Treads;
			sourceTree = "<group>";
		};
		ED1DE31022A91BAE0079A464 /* Resources */ = {
			isa = PBXGroup;
			children = (
				ED1DE30522A8F6BB0079A464 /* Assets.xcassets */,
			);
			path = Resources;
			sourceTree = "<group>";
		};
		ED1DE31122A91BBA0079A464 /* Extensions */ = {
			isa = PBXGroup;
			children = (
			);
			path = Extensions;
			sourceTree = "<group>";
		};
		ED1DE31222A91BC20079A464 /* Utilities */ = {
			isa = PBXGroup;
			children = (
			);
			path = Utilities;
			sourceTree = "<group>";
		};
		ED1DE31322A91BCA0079A464 /* Model */ = {
			isa = PBXGroup;
			children = (
			);
			path = Model;
			sourceTree = "<group>";
		};
		ED1DE31422A91BD00079A464 /* View */ = {
			isa = PBXGroup;
			children = (
				ED8DDE4222A92093000F4C0F /* LogTBC.swift */,
				ED8DDE4322A92093000F4C0F /* LogTBC.xib */,
			);
			path = View;
			sourceTree = "<group>";
		};
		ED1DE31522A91BD60079A464 /* Controller */ = {
			isa = PBXGroup;
			children = (
				ED1DE2FE22A8F6B90079A464 /* RunVC.swift */,
				ED1DE30022A8F6B90079A464 /* MyLogVC.swift */,
			);
			path = Controller;
			sourceTree = "<group>";
		};
/* End PBXGroup section */

/* Begin PBXNativeTarget section */
		ED1DE2F822A8F6B90079A464 /* Treads */ = {
			isa = PBXNativeTarget;
			buildConfigurationList = ED1DE30D22A8F6BB0079A464 /* Build configuration list for PBXNativeTarget "Treads" */;
			buildPhases = (
				ED1DE2F522A8F6B90079A464 /* Sources */,
				ED1DE2F622A8F6B90079A464 /* Frameworks */,
				ED1DE2F722A8F6B90079A464 /* Resources */,
			);
			buildRules = (
			);
			dependencies = (
			);
			name = Treads;
			productName = Treads;
			productReference = ED1DE2F922A8F6B90079A464 /* Treads.app */;
			productType = "com.apple.product-type.application";
		};
/* End PBXNativeTarget section */

/* Begin PBXProject section */
		ED1DE2F122A8F6B90079A464 /* Project object */ = {
			isa = PBXProject;
			attributes = {
				LastSwiftUpdateCheck = 1020;
				LastUpgradeCheck = 1020;
				ORGANIZATIONNAME = "Armand Kamffer";
				TargetAttributes = {
					ED1DE2F822A8F6B90079A464 = {
						CreatedOnToolsVersion = 10.2.1;
					};
				};
			};
			buildConfigurationList = ED1DE2F422A8F6B90079A464 /* Build configuration list for PBXProject "Treads" */;
			compatibilityVersion = "Xcode 9.3";
			developmentRegion = en;
			hasScannedForEncodings = 0;
			knownRegions = (
				en,
				Base,
			);
			mainGroup = ED1DE2F022A8F6B90079A464;
			productRefGroup = ED1DE2FA22A8F6B90079A464 /* Products */;
			projectDirPath = "";
			projectRoot = "";
			targets = (
				ED1DE2F822A8F6B90079A464 /* Treads */,
			);
		};
/* End PBXProject section */

/* Begin PBXResourcesBuildPhase section */
		ED1DE2F722A8F6B90079A464 /* Resources */ = {
			isa = PBXResourcesBuildPhase;
			buildActionMask = 2147483647;
			files = (
				ED1DE30922A8F6BB0079A464 /* LaunchScreen.storyboard in Resources */,
				ED1DE30622A8F6BB0079A464 /* Assets.xcassets in Resources */,
				ED8DDE4522A92093000F4C0F /* LogTBC.xib in Resources */,
				ED1DE30422A8F6B90079A464 /* Main.storyboard in Resources */,
			);
			runOnlyForDeploymentPostprocessing = 0;
		};
/* End PBXResourcesBuildPhase section */

/* Begin PBXSourcesBuildPhase section */
		ED1DE2F522A8F6B90079A464 /* Sources */ = {
			isa = PBXSourcesBuildPhase;
			buildActionMask = 2147483647;
			files = (
				ED1DE30122A8F6B90079A464 /* MyLogVC.swift in Sources */,
				ED1DE2FD22A8F6B90079A464 /* AppDelegate.swift in Sources */,
				ED8DDE4422A92093000F4C0F /* LogTBC.swift in Sources */,
				ED1DE2FF22A8F6B90079A464 /* RunVC.swift in Sources */,
			);
			runOnlyForDeploymentPostprocessing = 0;
		};
/* End PBXSourcesBuildPhase section */

/* Begin PBXVariantGroup section */
		ED1DE30222A8F6B90079A464 /* Main.storyboard */ = {
			isa = PBXVariantGroup;
			children = (
				ED1DE30322A8F6B90079A464 /* Base */,
			);
			name = Main.storyboard;
			sourceTree = "<group>";
		};
		ED1DE30722A8F6BB0079A464 /* LaunchScreen.storyboard */ = {
			isa = PBXVariantGroup;
			children = (
				ED1DE30822A8F6BB0079A464 /* Base */,
			);
			name = LaunchScreen.storyboard;
			sourceTree = "<group>";
		};
/* End PBXVariantGroup section */

/* Begin XCBuildConfiguration section */
		ED1DE30B22A8F6BB0079A464 /* Debug */ = {
			isa = XCBuildConfiguration;
			buildSettings = {
				ALWAYS_SEARCH_USER_PATHS = NO;
				CLANG_ANALYZER_NONNULL = YES;
				CLANG_ANALYZER_NUMBER_OBJECT_CONVERSION = YES_AGGRESSIVE;
				CLANG_CXX_LANGUAGE_STANDARD = "gnu++14";
				CLANG_CXX_LIBRARY = "libc++";
				CLANG_ENABLE_MODULES = YES;
				CLANG_ENABLE_OBJC_ARC = YES;
				CLANG_ENABLE_OBJC_WEAK = YES;
				CLANG_WARN_BLOCK_CAPTURE_AUTORELEASING = YES;
				CLANG_WARN_BOOL_CONVERSION = YES;
				CLANG_WARN_COMMA = YES;
				CLANG_WARN_CONSTANT_CONVERSION = YES;
				CLANG_WARN_DEPRECATED_OBJC_IMPLEMENTATIONS = YES;
				CLANG_WARN_DIRECT_OBJC_ISA_USAGE = YES_ERROR;
				CLANG_WARN_DOCUMENTATION_COMMENTS = YES;
				CLANG_WARN_EMPTY_BODY = YES;
				CLANG_WARN_ENUM_CONVERSION = YES;
				CLANG_WARN_INFINITE_RECURSION = YES;
				CLANG_WARN_INT_CONVERSION = YES;
				CLANG_WARN_NON_LITERAL_NULL_CONVERSION = YES;
				CLANG_WARN_OBJC_IMPLICIT_RETAIN_SELF = YES;
				CLANG_WARN_OBJC_LITERAL_CONVERSION = YES;
				CLANG_WARN_OBJC_ROOT_CLASS = YES_ERROR;
				CLANG_WARN_RANGE_LOOP_ANALYSIS = YES;
				CLANG_WARN_STRICT_PROTOTYPES = YES;
				CLANG_WARN_SUSPICIOUS_MOVE = YES;
				CLANG_WARN_UNGUARDED_AVAILABILITY = YES_AGGRESSIVE;
				CLANG_WARN_UNREACHABLE_CODE = YES;
				CLANG_WARN__DUPLICATE_METHOD_MATCH = YES;
				CODE_SIGN_IDENTITY = "iPhone Developer";
				COPY_PHASE_STRIP = NO;
				DEBUG_INFORMATION_FORMAT = dwarf;
				ENABLE_STRICT_OBJC_MSGSEND = YES;
				ENABLE_TESTABILITY = YES;
				GCC_C_LANGUAGE_STANDARD = gnu11;
				GCC_DYNAMIC_NO_PIC = NO;
				GCC_NO_COMMON_BLOCKS = YES;
				GCC_OPTIMIZATION_LEVEL = 0;
				GCC_PREPROCESSOR_DEFINITIONS = (
					"DEBUG=1",
					"$(inherited)",
				);
				GCC_WARN_64_TO_32_BIT_CONVERSION = YES;
				GCC_WARN_ABOUT_RETURN_TYPE = YES_ERROR;
				GCC_WARN_UNDECLARED_SELECTOR = YES;
				GCC_WARN_UNINITIALIZED_AUTOS = YES_AGGRESSIVE;
				GCC_WARN_UNUSED_FUNCTION = YES;
				GCC_WARN_UNUSED_VARIABLE = YES;
				IPHONEOS_DEPLOYMENT_TARGET = 12.2;
				MTL_ENABLE_DEBUG_INFO = INCLUDE_SOURCE;
				MTL_FAST_MATH = YES;
				ONLY_ACTIVE_ARCH = YES;
				SDKROOT = iphoneos;
				SWIFT_ACTIVE_COMPILATION_CONDITIONS = DEBUG;
				SWIFT_OPTIMIZATION_LEVEL = "-Onone";
			};
			name = Debug;
		};
		ED1DE30C22A8F6BB0079A464 /* Release */ = {
			isa = XCBuildConfiguration;
			buildSettings = {
				ALWAYS_SEARCH_USER_PATHS = NO;
				CLANG_ANALYZER_NONNULL = YES;
				CLANG_ANALYZER_NUMBER_OBJECT_CONVERSION = YES_AGGRESSIVE;
				CLANG_CXX_LANGUAGE_STANDARD = "gnu++14";
				CLANG_CXX_LIBRARY = "libc++";
				CLANG_ENABLE_MODULES = YES;
				CLANG_ENABLE_OBJC_ARC = YES;
				CLANG_ENABLE_OBJC_WEAK = YES;
				CLANG_WARN_BLOCK_CAPTURE_AUTORELEASING = YES;
				CLANG_WARN_BOOL_CONVERSION = YES;
				CLANG_WARN_COMMA = YES;
				CLANG_WARN_CONSTANT_CONVERSION = YES;
				CLANG_WARN_DEPRECATED_OBJC_IMPLEMENTATIONS = YES;
				CLANG_WARN_DIRECT_OBJC_ISA_USAGE = YES_ERROR;
				CLANG_WARN_DOCUMENTATION_COMMENTS = YES;
				CLANG_WARN_EMPTY_BODY = YES;
				CLANG_WARN_ENUM_CONVERSION = YES;
				CLANG_WARN_INFINITE_RECURSION = YES;
				CLANG_WARN_INT_CONVERSION = YES;
				CLANG_WARN_NON_LITERAL_NULL_CONVERSION = YES;
				CLANG_WARN_OBJC_IMPLICIT_RETAIN_SELF = YES;
				CLANG_WARN_OBJC_LITERAL_CONVERSION = YES;
				CLANG_WARN_OBJC_ROOT_CLASS = YES_ERROR;
				CLANG_WARN_RANGE_LOOP_ANALYSIS = YES;
				CLANG_WARN_STRICT_PROTOTYPES = YES;
				CLANG_WARN_SUSPICIOUS_MOVE = YES;
				CLANG_WARN_UNGUARDED_AVAILABILITY = YES_AGGRESSIVE;
				CLANG_WARN_UNREACHABLE_CODE = YES;
				CLANG_WARN__DUPLICATE_METHOD_MATCH = YES;
				CODE_SIGN_IDENTITY = "iPhone Developer";
				COPY_PHASE_STRIP = NO;
				DEBUG_INFORMATION_FORMAT = "dwarf-with-dsym";
				ENABLE_NS_ASSERTIONS = NO;
				ENABLE_STRICT_OBJC_MSGSEND = YES;
				GCC_C_LANGUAGE_STANDARD = gnu11;
				GCC_NO_COMMON_BLOCKS = YES;
				GCC_WARN_64_TO_32_BIT_CONVERSION = YES;
				GCC_WARN_ABOUT_RETURN_TYPE = YES_ERROR;
				GCC_WARN_UNDECLARED_SELECTOR = YES;
				GCC_WARN_UNINITIALIZED_AUTOS = YES_AGGRESSIVE;
				GCC_WARN_UNUSED_FUNCTION = YES;
				GCC_WARN_UNUSED_VARIABLE = YES;
				IPHONEOS_DEPLOYMENT_TARGET = 12.2;
				MTL_ENABLE_DEBUG_INFO = NO;
				MTL_FAST_MATH = YES;
				SDKROOT = iphoneos;
				SWIFT_COMPILATION_MODE = wholemodule;
				SWIFT_OPTIMIZATION_LEVEL = "-O";
				VALIDATE_PRODUCT = YES;
			};
			name = Release;
		};
		ED1DE30E22A8F6BB0079A464 /* Debug */ = {
			isa = XCBuildConfiguration;
			buildSettings = {
				ASSETCATALOG_COMPILER_APPICON_NAME = AppIcon;
				CODE_SIGN_STYLE = Automatic;
				DEVELOPMENT_TEAM = 47QLT56GDU;
				INFOPLIST_FILE = Treads/Info.plist;
				LD_RUNPATH_SEARCH_PATHS = (
					"$(inherited)",
					"@executable_path/Frameworks",
				);
				PRODUCT_BUNDLE_IDENTIFIER = za.co.armandkamffer.Treads;
				PRODUCT_NAME = "$(TARGET_NAME)";
				SWIFT_VERSION = 5.0;
				TARGETED_DEVICE_FAMILY = "1,2";
			};
			name = Debug;
		};
		ED1DE30F22A8F6BB0079A464 /* Release */ = {
			isa = XCBuildConfiguration;
			buildSettings = {
				ASSETCATALOG_COMPILER_APPICON_NAME = AppIcon;
				CODE_SIGN_STYLE = Automatic;
				DEVELOPMENT_TEAM = 47QLT56GDU;
				INFOPLIST_FILE = Treads/Info.plist;
				LD_RUNPATH_SEARCH_PATHS = (
					"$(inherited)",
					"@executable_path/Frameworks",
				);
				PRODUCT_BUNDLE_IDENTIFIER = za.co.armandkamffer.Treads;
				PRODUCT_NAME = "$(TARGET_NAME)";
				SWIFT_VERSION = 5.0;
				TARGETED_DEVICE_FAMILY = "1,2";
			};
			name = Release;
		};
/* End XCBuildConfiguration section */

/* Begin XCConfigurationList section */
		ED1DE2F422A8F6B90079A464 /* Build configuration list for PBXProject "Treads" */ = {
			isa = XCConfigurationList;
			buildConfigurations = (
				ED1DE30B22A8F6BB0079A464 /* Debug */,
				ED1DE30C22A8F6BB0079A464 /* Release */,
			);
			defaultConfigurationIsVisible = 0;
			defaultConfigurationName = Release;
		};
		ED1DE30D22A8F6BB0079A464 /* Build configuration list for PBXNativeTarget "Treads" */ = {
			isa = XCConfigurationList;
			buildConfigurations = (
				ED1DE30E22A8F6BB0079A464 /* Debug */,
				ED1DE30F22A8F6BB0079A464 /* Release */,
			);
			defaultConfigurationIsVisible = 0;
			defaultConfigurationName = Release;
		};
/* End XCConfigurationList section */
	};
	rootObject = ED1DE2F122A8F6B90079A464 /* Project object */;
}
